// !$*UTF8*$!
{
	archiveVersion = 1;
	classes = {
	};
	objectVersion = 56;
	objects = {

/* Begin PBXBuildFile section */
		258123952912F3B800D71C36 /* XMSurveyApp.swift in Sources */ = {isa = PBXBuildFile; fileRef = 258123942912F3B800D71C36 /* XMSurveyApp.swift */; };
		258123972912F3B800D71C36 /* ContentView.swift in Sources */ = {isa = PBXBuildFile; fileRef = 258123962912F3B800D71C36 /* ContentView.swift */; };
		258123992912F3B900D71C36 /* Assets.xcassets in Resources */ = {isa = PBXBuildFile; fileRef = 258123982912F3B900D71C36 /* Assets.xcassets */; };
		2581239C2912F3B900D71C36 /* Preview Assets.xcassets in Resources */ = {isa = PBXBuildFile; fileRef = 2581239B2912F3B900D71C36 /* Preview Assets.xcassets */; };
		258123A62912F3B900D71C36 /* XMSurveyTests.swift in Sources */ = {isa = PBXBuildFile; fileRef = 258123A52912F3B900D71C36 /* XMSurveyTests.swift */; };
		258123B02912F3B900D71C36 /* XMSurveyUITests.swift in Sources */ = {isa = PBXBuildFile; fileRef = 258123AF2912F3B900D71C36 /* XMSurveyUITests.swift */; };
		258123B22912F3B900D71C36 /* XMSurveyUITestsLaunchTests.swift in Sources */ = {isa = PBXBuildFile; fileRef = 258123B12912F3B900D71C36 /* XMSurveyUITestsLaunchTests.swift */; };
/* End PBXBuildFile section */

/* Begin PBXContainerItemProxy section */
		258123A22912F3B900D71C36 /* PBXContainerItemProxy */ = {
			isa = PBXContainerItemProxy;
			containerPortal = 258123892912F3B800D71C36 /* Project object */;
			proxyType = 1;
			remoteGlobalIDString = 258123902912F3B800D71C36;
			remoteInfo = XMSurvey;
		};
		258123AC2912F3B900D71C36 /* PBXContainerItemProxy */ = {
			isa = PBXContainerItemProxy;
			containerPortal = 258123892912F3B800D71C36 /* Project object */;
			proxyType = 1;
			remoteGlobalIDString = 258123902912F3B800D71C36;
			remoteInfo = XMSurvey;
		};
/* End PBXContainerItemProxy section */

/* Begin PBXFileReference section */
		258123912912F3B800D71C36 /* XMSurvey.app */ = {isa = PBXFileReference; explicitFileType = wrapper.application; includeInIndex = 0; path = XMSurvey.app; sourceTree = BUILT_PRODUCTS_DIR; };
		258123942912F3B800D71C36 /* XMSurveyApp.swift */ = {isa = PBXFileReference; lastKnownFileType = sourcecode.swift; path = XMSurveyApp.swift; sourceTree = "<group>"; };
		258123962912F3B800D71C36 /* ContentView.swift */ = {isa = PBXFileReference; lastKnownFileType = sourcecode.swift; path = ContentView.swift; sourceTree = "<group>"; };
		258123982912F3B900D71C36 /* Assets.xcassets */ = {isa = PBXFileReference; lastKnownFileType = folder.assetcatalog; path = Assets.xcassets; sourceTree = "<group>"; };
		2581239B2912F3B900D71C36 /* Preview Assets.xcassets */ = {isa = PBXFileReference; lastKnownFileType = folder.assetcatalog; path = "Preview Assets.xcassets"; sourceTree = "<group>"; };
		258123A12912F3B900D71C36 /* XMSurveyTests.xctest */ = {isa = PBXFileReference; explicitFileType = wrapper.cfbundle; includeInIndex = 0; path = XMSurveyTests.xctest; sourceTree = BUILT_PRODUCTS_DIR; };
		258123A52912F3B900D71C36 /* XMSurveyTests.swift */ = {isa = PBXFileReference; lastKnownFileType = sourcecode.swift; path = XMSurveyTests.swift; sourceTree = "<group>"; };
		258123AB2912F3B900D71C36 /* XMSurveyUITests.xctest */ = {isa = PBXFileReference; explicitFileType = wrapper.cfbundle; includeInIndex = 0; path = XMSurveyUITests.xctest; sourceTree = BUILT_PRODUCTS_DIR; };
		258123AF2912F3B900D71C36 /* XMSurveyUITests.swift */ = {isa = PBXFileReference; lastKnownFileType = sourcecode.swift; path = XMSurveyUITests.swift; sourceTree = "<group>"; };
		258123B12912F3B900D71C36 /* XMSurveyUITestsLaunchTests.swift */ = {isa = PBXFileReference; lastKnownFileType = sourcecode.swift; path = XMSurveyUITestsLaunchTests.swift; sourceTree = "<group>"; };
/* End PBXFileReference section */

/* Begin PBXFrameworksBuildPhase section */
		2581238E2912F3B800D71C36 /* Frameworks */ = {
			isa = PBXFrameworksBuildPhase;
			buildActionMask = 2147483647;
			files = (
			);
			runOnlyForDeploymentPostprocessing = 0;
		};
		2581239E2912F3B900D71C36 /* Frameworks */ = {
			isa = PBXFrameworksBuildPhase;
			buildActionMask = 2147483647;
			files = (
			);
			runOnlyForDeploymentPostprocessing = 0;
		};
		258123A82912F3B900D71C36 /* Frameworks */ = {
			isa = PBXFrameworksBuildPhase;
			buildActionMask = 2147483647;
			files = (
			);
			runOnlyForDeploymentPostprocessing = 0;
		};
/* End PBXFrameworksBuildPhase section */

/* Begin PBXGroup section */
		258123882912F3B800D71C36 = {
			isa = PBXGroup;
			children = (
				258123932912F3B800D71C36 /* XMSurvey */,
				258123A42912F3B900D71C36 /* XMSurveyTests */,
				258123AE2912F3B900D71C36 /* XMSurveyUITests */,
				258123922912F3B800D71C36 /* Products */,
			);
			sourceTree = "<group>";
		};
		258123922912F3B800D71C36 /* Products */ = {
			isa = PBXGroup;
			children = (
				258123912912F3B800D71C36 /* XMSurvey.app */,
				258123A12912F3B900D71C36 /* XMSurveyTests.xctest */,
				258123AB2912F3B900D71C36 /* XMSurveyUITests.xctest */,
			);
			name = Products;
			sourceTree = "<group>";
		};
		258123932912F3B800D71C36 /* XMSurvey */ = {
			isa = PBXGroup;
			children = (
				258123942912F3B800D71C36 /* XMSurveyApp.swift */,
				258123962912F3B800D71C36 /* ContentView.swift */,
				258123982912F3B900D71C36 /* Assets.xcassets */,
				2581239A2912F3B900D71C36 /* Preview Content */,
			);
			path = XMSurvey;
			sourceTree = "<group>";
		};
		2581239A2912F3B900D71C36 /* Preview Content */ = {
			isa = PBXGroup;
			children = (
				2581239B2912F3B900D71C36 /* Preview Assets.xcassets */,
			);
			path = "Preview Content";
			sourceTree = "<group>";
		};
		258123A42912F3B900D71C36 /* XMSurveyTests */ = {
			isa = PBXGroup;
			children = (
				258123A52912F3B900D71C36 /* XMSurveyTests.swift */,
			);
			path = XMSurveyTests;
			sourceTree = "<group>";
		};
		258123AE2912F3B900D71C36 /* XMSurveyUITests */ = {
			isa = PBXGroup;
			children = (
				258123AF2912F3B900D71C36 /* XMSurveyUITests.swift */,
				258123B12912F3B900D71C36 /* XMSurveyUITestsLaunchTests.swift */,
			);
			path = XMSurveyUITests;
			sourceTree = "<group>";
		};
/* End PBXGroup section */

/* Begin PBXNativeTarget section */
		258123902912F3B800D71C36 /* XMSurvey */ = {
			isa = PBXNativeTarget;
			buildConfigurationList = 258123B52912F3B900D71C36 /* Build configuration list for PBXNativeTarget "XMSurvey" */;
			buildPhases = (
				2581238D2912F3B800D71C36 /* Sources */,
				2581238E2912F3B800D71C36 /* Frameworks */,
				2581238F2912F3B800D71C36 /* Resources */,
			);
			buildRules = (
			);
			dependencies = (
			);
			name = XMSurvey;
			productName = XMSurvey;
			productReference = 258123912912F3B800D71C36 /* XMSurvey.app */;
			productType = "com.apple.product-type.application";
		};
		258123A02912F3B900D71C36 /* XMSurveyTests */ = {
			isa = PBXNativeTarget;
			buildConfigurationList = 258123B82912F3B900D71C36 /* Build configuration list for PBXNativeTarget "XMSurveyTests" */;
			buildPhases = (
				2581239D2912F3B900D71C36 /* Sources */,
				2581239E2912F3B900D71C36 /* Frameworks */,
				2581239F2912F3B900D71C36 /* Resources */,
			);
			buildRules = (
			);
			dependencies = (
				258123A32912F3B900D71C36 /* PBXTargetDependency */,
			);
			name = XMSurveyTests;
			productName = XMSurveyTests;
			productReference = 258123A12912F3B900D71C36 /* XMSurveyTests.xctest */;
			productType = "com.apple.product-type.bundle.unit-test";
		};
		258123AA2912F3B900D71C36 /* XMSurveyUITests */ = {
			isa = PBXNativeTarget;
			buildConfigurationList = 258123BB2912F3B900D71C36 /* Build configuration list for PBXNativeTarget "XMSurveyUITests" */;
			buildPhases = (
				258123A72912F3B900D71C36 /* Sources */,
				258123A82912F3B900D71C36 /* Frameworks */,
				258123A92912F3B900D71C36 /* Resources */,
			);
			buildRules = (
			);
			dependencies = (
				258123AD2912F3B900D71C36 /* PBXTargetDependency */,
			);
			name = XMSurveyUITests;
			productName = XMSurveyUITests;
			productReference = 258123AB2912F3B900D71C36 /* XMSurveyUITests.xctest */;
			productType = "com.apple.product-type.bundle.ui-testing";
		};
/* End PBXNativeTarget section */

/* Begin PBXProject section */
		258123892912F3B800D71C36 /* Project object */ = {
			isa = PBXProject;
			attributes = {
				BuildIndependentTargetsInParallel = 1;
				LastSwiftUpdateCheck = 1400;
				LastUpgradeCheck = 1400;
				TargetAttributes = {
					258123902912F3B800D71C36 = {
						CreatedOnToolsVersion = 14.0.1;
					};
					258123A02912F3B900D71C36 = {
						CreatedOnToolsVersion = 14.0.1;
						TestTargetID = 258123902912F3B800D71C36;
					};
					258123AA2912F3B900D71C36 = {
						CreatedOnToolsVersion = 14.0.1;
						TestTargetID = 258123902912F3B800D71C36;
					};
				};
			};
			buildConfigurationList = 2581238C2912F3B800D71C36 /* Build configuration list for PBXProject "XMSurvey" */;
			compatibilityVersion = "Xcode 14.0";
			developmentRegion = en;
			hasScannedForEncodings = 0;
			knownRegions = (
				en,
				Base,
			);
			mainGroup = 258123882912F3B800D71C36;
			productRefGroup = 258123922912F3B800D71C36 /* Products */;
			projectDirPath = "";
			projectRoot = "";
			targets = (
				258123902912F3B800D71C36 /* XMSurvey */,
				258123A02912F3B900D71C36 /* XMSurveyTests */,
				258123AA2912F3B900D71C36 /* XMSurveyUITests */,
			);
		};
/* End PBXProject section */

/* Begin PBXResourcesBuildPhase section */
		2581238F2912F3B800D71C36 /* Resources */ = {
			isa = PBXResourcesBuildPhase;
			buildActionMask = 2147483647;
			files = (
				2581239C2912F3B900D71C36 /* Preview Assets.xcassets in Resources */,
				258123992912F3B900D71C36 /* Assets.xcassets in Resources */,
			);
			runOnlyForDeploymentPostprocessing = 0;
		};
		2581239F2912F3B900D71C36 /* Resources */ = {
			isa = PBXResourcesBuildPhase;
			buildActionMask = 2147483647;
			files = (
			);
			runOnlyForDeploymentPostprocessing = 0;
		};
		258123A92912F3B900D71C36 /* Resources */ = {
			isa = PBXResourcesBuildPhase;
			buildActionMask = 2147483647;
			files = (
			);
			runOnlyForDeploymentPostprocessing = 0;
		};
/* End PBXResourcesBuildPhase section */

/* Begin PBXSourcesBuildPhase section */
		2581238D2912F3B800D71C36 /* Sources */ = {
			isa = PBXSourcesBuildPhase;
			buildActionMask = 2147483647;
			files = (
				258123972912F3B800D71C36 /* ContentView.swift in Sources */,
				258123952912F3B800D71C36 /* XMSurveyApp.swift in Sources */,
			);
			runOnlyForDeploymentPostprocessing = 0;
		};
		2581239D2912F3B900D71C36 /* Sources */ = {
			isa = PBXSourcesBuildPhase;
			buildActionMask = 2147483647;
			files = (
				258123A62912F3B900D71C36 /* XMSurveyTests.swift in Sources */,
			);
			runOnlyForDeploymentPostprocessing = 0;
		};
		258123A72912F3B900D71C36 /* Sources */ = {
			isa = PBXSourcesBuildPhase;
			buildActionMask = 2147483647;
			files = (
				258123B22912F3B900D71C36 /* XMSurveyUITestsLaunchTests.swift in Sources */,
				258123B02912F3B900D71C36 /* XMSurveyUITests.swift in Sources */,
			);
			runOnlyForDeploymentPostprocessing = 0;
		};
/* End PBXSourcesBuildPhase section */

/* Begin PBXTargetDependency section */
		258123A32912F3B900D71C36 /* PBXTargetDependency */ = {
			isa = PBXTargetDependency;
			target = 258123902912F3B800D71C36 /* XMSurvey */;
			targetProxy = 258123A22912F3B900D71C36 /* PBXContainerItemProxy */;
		};
		258123AD2912F3B900D71C36 /* PBXTargetDependency */ = {
			isa = PBXTargetDependency;
			target = 258123902912F3B800D71C36 /* XMSurvey */;
			targetProxy = 258123AC2912F3B900D71C36 /* PBXContainerItemProxy */;
		};
/* End PBXTargetDependency section */

/* Begin XCBuildConfiguration section */
		258123B32912F3B900D71C36 /* Debug */ = {
			isa = XCBuildConfiguration;
			buildSettings = {
				ALWAYS_SEARCH_USER_PATHS = NO;
				CLANG_ANALYZER_NONNULL = YES;
				CLANG_ANALYZER_NUMBER_OBJECT_CONVERSION = YES_AGGRESSIVE;
				CLANG_CXX_LANGUAGE_STANDARD = "gnu++20";
				CLANG_ENABLE_MODULES = YES;
				CLANG_ENABLE_OBJC_ARC = YES;
				CLANG_ENABLE_OBJC_WEAK = YES;
				CLANG_WARN_BLOCK_CAPTURE_AUTORELEASING = YES;
				CLANG_WARN_BOOL_CONVERSION = YES;
				CLANG_WARN_COMMA = YES;
				CLANG_WARN_CONSTANT_CONVERSION = YES;
				CLANG_WARN_DEPRECATED_OBJC_IMPLEMENTATIONS = YES;
				CLANG_WARN_DIRECT_OBJC_ISA_USAGE = YES_ERROR;
				CLANG_WARN_DOCUMENTATION_COMMENTS = YES;
				CLANG_WARN_EMPTY_BODY = YES;
				CLANG_WARN_ENUM_CONVERSION = YES;
				CLANG_WARN_INFINITE_RECURSION = YES;
				CLANG_WARN_INT_CONVERSION = YES;
				CLANG_WARN_NON_LITERAL_NULL_CONVERSION = YES;
				CLANG_WARN_OBJC_IMPLICIT_RETAIN_SELF = YES;
				CLANG_WARN_OBJC_LITERAL_CONVERSION = YES;
				CLANG_WARN_OBJC_ROOT_CLASS = YES_ERROR;
				CLANG_WARN_QUOTED_INCLUDE_IN_FRAMEWORK_HEADER = YES;
				CLANG_WARN_RANGE_LOOP_ANALYSIS = YES;
				CLANG_WARN_STRICT_PROTOTYPES = YES;
				CLANG_WARN_SUSPICIOUS_MOVE = YES;
				CLANG_WARN_UNGUARDED_AVAILABILITY = YES_AGGRESSIVE;
				CLANG_WARN_UNREACHABLE_CODE = YES;
				CLANG_WARN__DUPLICATE_METHOD_MATCH = YES;
				COPY_PHASE_STRIP = NO;
				DEBUG_INFORMATION_FORMAT = dwarf;
				ENABLE_STRICT_OBJC_MSGSEND = YES;
				ENABLE_TESTABILITY = YES;
				GCC_C_LANGUAGE_STANDARD = gnu11;
				GCC_DYNAMIC_NO_PIC = NO;
				GCC_NO_COMMON_BLOCKS = YES;
				GCC_OPTIMIZATION_LEVEL = 0;
				GCC_PREPROCESSOR_DEFINITIONS = (
					"DEBUG=1",
					"$(inherited)",
				);
				GCC_WARN_64_TO_32_BIT_CONVERSION = YES;
				GCC_WARN_ABOUT_RETURN_TYPE = YES_ERROR;
				GCC_WARN_UNDECLARED_SELECTOR = YES;
				GCC_WARN_UNINITIALIZED_AUTOS = YES_AGGRESSIVE;
				GCC_WARN_UNUSED_FUNCTION = YES;
				GCC_WARN_UNUSED_VARIABLE = YES;
				IPHONEOS_DEPLOYMENT_TARGET = 16.0;
				MTL_ENABLE_DEBUG_INFO = INCLUDE_SOURCE;
				MTL_FAST_MATH = YES;
				ONLY_ACTIVE_ARCH = YES;
				SDKROOT = iphoneos;
				SWIFT_ACTIVE_COMPILATION_CONDITIONS = DEBUG;
				SWIFT_OPTIMIZATION_LEVEL = "-Onone";
			};
			name = Debug;
		};
		258123B42912F3B900D71C36 /* Release */ = {
			isa = XCBuildConfiguration;
			buildSettings = {
				ALWAYS_SEARCH_USER_PATHS = NO;
				CLANG_ANALYZER_NONNULL = YES;
				CLANG_ANALYZER_NUMBER_OBJECT_CONVERSION = YES_AGGRESSIVE;
				CLANG_CXX_LANGUAGE_STANDARD = "gnu++20";
				CLANG_ENABLE_MODULES = YES;
				CLANG_ENABLE_OBJC_ARC = YES;
				CLANG_ENABLE_OBJC_WEAK = YES;
				CLANG_WARN_BLOCK_CAPTURE_AUTORELEASING = YES;
				CLANG_WARN_BOOL_CONVERSION = YES;
				CLANG_WARN_COMMA = YES;
				CLANG_WARN_CONSTANT_CONVERSION = YES;
				CLANG_WARN_DEPRECATED_OBJC_IMPLEMENTATIONS = YES;
				CLANG_WARN_DIRECT_OBJC_ISA_USAGE = YES_ERROR;
				CLANG_WARN_DOCUMENTATION_COMMENTS = YES;
				CLANG_WARN_EMPTY_BODY = YES;
				CLANG_WARN_ENUM_CONVERSION = YES;
				CLANG_WARN_INFINITE_RECURSION = YES;
				CLANG_WARN_INT_CONVERSION = YES;
				CLANG_WARN_NON_LITERAL_NULL_CONVERSION = YES;
				CLANG_WARN_OBJC_IMPLICIT_RETAIN_SELF = YES;
				CLANG_WARN_OBJC_LITERAL_CONVERSION = YES;
				CLANG_WARN_OBJC_ROOT_CLASS = YES_ERROR;
				CLANG_WARN_QUOTED_INCLUDE_IN_FRAMEWORK_HEADER = YES;
				CLANG_WARN_RANGE_LOOP_ANALYSIS = YES;
				CLANG_WARN_STRICT_PROTOTYPES = YES;
				CLANG_WARN_SUSPICIOUS_MOVE = YES;
				CLANG_WARN_UNGUARDED_AVAILABILITY = YES_AGGRESSIVE;
				CLANG_WARN_UNREACHABLE_CODE = YES;
				CLANG_WARN__DUPLICATE_METHOD_MATCH = YES;
				COPY_PHASE_STRIP = NO;
				DEBUG_INFORMATION_FORMAT = "dwarf-with-dsym";
				ENABLE_NS_ASSERTIONS = NO;
				ENABLE_STRICT_OBJC_MSGSEND = YES;
				GCC_C_LANGUAGE_STANDARD = gnu11;
				GCC_NO_COMMON_BLOCKS = YES;
				GCC_WARN_64_TO_32_BIT_CONVERSION = YES;
				GCC_WARN_ABOUT_RETURN_TYPE = YES_ERROR;
				GCC_WARN_UNDECLARED_SELECTOR = YES;
				GCC_WARN_UNINITIALIZED_AUTOS = YES_AGGRESSIVE;
				GCC_WARN_UNUSED_FUNCTION = YES;
				GCC_WARN_UNUSED_VARIABLE = YES;
				IPHONEOS_DEPLOYMENT_TARGET = 16.0;
				MTL_ENABLE_DEBUG_INFO = NO;
				MTL_FAST_MATH = YES;
				SDKROOT = iphoneos;
				SWIFT_COMPILATION_MODE = wholemodule;
				SWIFT_OPTIMIZATION_LEVEL = "-O";
				VALIDATE_PRODUCT = YES;
			};
			name = Release;
		};
		258123B62912F3B900D71C36 /* Debug */ = {
			isa = XCBuildConfiguration;
			buildSettings = {
				ASSETCATALOG_COMPILER_APPICON_NAME = AppIcon;
				ASSETCATALOG_COMPILER_GLOBAL_ACCENT_COLOR_NAME = AccentColor;
				CODE_SIGN_STYLE = Automatic;
				CURRENT_PROJECT_VERSION = 1;
				DEVELOPMENT_ASSET_PATHS = "\"XMSurvey/Preview Content\"";
				DEVELOPMENT_TEAM = DT778HVH7A;
				ENABLE_PREVIEWS = YES;
				GENERATE_INFOPLIST_FILE = YES;
				INFOPLIST_KEY_UIApplicationSceneManifest_Generation = YES;
				INFOPLIST_KEY_UIApplicationSupportsIndirectInputEvents = YES;
				INFOPLIST_KEY_UILaunchScreen_Generation = YES;
				INFOPLIST_KEY_UISupportedInterfaceOrientations_iPad = "UIInterfaceOrientationPortrait UIInterfaceOrientationPortraitUpsideDown UIInterfaceOrientationLandscapeLeft UIInterfaceOrientationLandscapeRight";
				INFOPLIST_KEY_UISupportedInterfaceOrientations_iPhone = "UIInterfaceOrientationPortrait UIInterfaceOrientationLandscapeLeft UIInterfaceOrientationLandscapeRight";
				LD_RUNPATH_SEARCH_PATHS = (
					"$(inherited)",
					"@executable_path/Frameworks",
				);
				MARKETING_VERSION = 1.0;
				PRODUCT_BUNDLE_IDENTIFIER = com.thinhvo..XMSurvey;
				PRODUCT_NAME = "$(TARGET_NAME)";
				SWIFT_EMIT_LOC_STRINGS = YES;
				SWIFT_VERSION = 5.0;
				TARGETED_DEVICE_FAMILY = "1,2";
			};
			name = Debug;
		};
		258123B72912F3B900D71C36 /* Release */ = {
			isa = XCBuildConfiguration;
			buildSettings = {
				ASSETCATALOG_COMPILER_APPICON_NAME = AppIcon;
				ASSETCATALOG_COMPILER_GLOBAL_ACCENT_COLOR_NAME = AccentColor;
				CODE_SIGN_STYLE = Automatic;
				CURRENT_PROJECT_VERSION = 1;
				DEVELOPMENT_ASSET_PATHS = "\"XMSurvey/Preview Content\"";
				DEVELOPMENT_TEAM = DT778HVH7A;
				ENABLE_PREVIEWS = YES;
				GENERATE_INFOPLIST_FILE = YES;
				INFOPLIST_KEY_UIApplicationSceneManifest_Generation = YES;
				INFOPLIST_KEY_UIApplicationSupportsIndirectInputEvents = YES;
				INFOPLIST_KEY_UILaunchScreen_Generation = YES;
				INFOPLIST_KEY_UISupportedInterfaceOrientations_iPad = "UIInterfaceOrientationPortrait UIInterfaceOrientationPortraitUpsideDown UIInterfaceOrientationLandscapeLeft UIInterfaceOrientationLandscapeRight";
				INFOPLIST_KEY_UISupportedInterfaceOrientations_iPhone = "UIInterfaceOrientationPortrait UIInterfaceOrientationLandscapeLeft UIInterfaceOrientationLandscapeRight";
				LD_RUNPATH_SEARCH_PATHS = (
					"$(inherited)",
					"@executable_path/Frameworks",
				);
				MARKETING_VERSION = 1.0;
				PRODUCT_BUNDLE_IDENTIFIER = com.thinhvo..XMSurvey;
				PRODUCT_NAME = "$(TARGET_NAME)";
				SWIFT_EMIT_LOC_STRINGS = YES;
				SWIFT_VERSION = 5.0;
				TARGETED_DEVICE_FAMILY = "1,2";
			};
			name = Release;
		};
		258123B92912F3B900D71C36 /* Debug */ = {
			isa = XCBuildConfiguration;
			buildSettings = {
				ALWAYS_EMBED_SWIFT_STANDARD_LIBRARIES = YES;
				BUNDLE_LOADER = "$(TEST_HOST)";
				CODE_SIGN_STYLE = Automatic;
				CURRENT_PROJECT_VERSION = 1;
				DEVELOPMENT_TEAM = DT778HVH7A;
				GENERATE_INFOPLIST_FILE = YES;
				IPHONEOS_DEPLOYMENT_TARGET = 16.0;
				MARKETING_VERSION = 1.0;
				PRODUCT_BUNDLE_IDENTIFIER = com.thinhvo..XMSurveyTests;
				PRODUCT_NAME = "$(TARGET_NAME)";
				SWIFT_EMIT_LOC_STRINGS = NO;
				SWIFT_VERSION = 5.0;
				TARGETED_DEVICE_FAMILY = "1,2";
				TEST_HOST = "$(BUILT_PRODUCTS_DIR)/XMSurvey.app/$(BUNDLE_EXECUTABLE_FOLDER_PATH)/XMSurvey";
			};
			name = Debug;
		};
		258123BA2912F3B900D71C36 /* Release */ = {
			isa = XCBuildConfiguration;
			buildSettings = {
				ALWAYS_EMBED_SWIFT_STANDARD_LIBRARIES = YES;
				BUNDLE_LOADER = "$(TEST_HOST)";
				CODE_SIGN_STYLE = Automatic;
				CURRENT_PROJECT_VERSION = 1;
				DEVELOPMENT_TEAM = DT778HVH7A;
				GENERATE_INFOPLIST_FILE = YES;
				IPHONEOS_DEPLOYMENT_TARGET = 16.0;
				MARKETING_VERSION = 1.0;
				PRODUCT_BUNDLE_IDENTIFIER = com.thinhvo..XMSurveyTests;
				PRODUCT_NAME = "$(TARGET_NAME)";
				SWIFT_EMIT_LOC_STRINGS = NO;
				SWIFT_VERSION = 5.0;
				TARGETED_DEVICE_FAMILY = "1,2";
				TEST_HOST = "$(BUILT_PRODUCTS_DIR)/XMSurvey.app/$(BUNDLE_EXECUTABLE_FOLDER_PATH)/XMSurvey";
			};
			name = Release;
		};
		258123BC2912F3B900D71C36 /* Debug */ = {
			isa = XCBuildConfiguration;
			buildSettings = {
				ALWAYS_EMBED_SWIFT_STANDARD_LIBRARIES = YES;
				CODE_SIGN_STYLE = Automatic;
				CURRENT_PROJECT_VERSION = 1;
				DEVELOPMENT_TEAM = DT778HVH7A;
				GENERATE_INFOPLIST_FILE = YES;
				MARKETING_VERSION = 1.0;
				PRODUCT_BUNDLE_IDENTIFIER = com.thinhvo..XMSurveyUITests;
				PRODUCT_NAME = "$(TARGET_NAME)";
				SWIFT_EMIT_LOC_STRINGS = NO;
				SWIFT_VERSION = 5.0;
				TARGETED_DEVICE_FAMILY = "1,2";
				TEST_TARGET_NAME = XMSurvey;
			};
			name = Debug;
		};
		258123BD2912F3B900D71C36 /* Release */ = {
			isa = XCBuildConfiguration;
			buildSettings = {
				ALWAYS_EMBED_SWIFT_STANDARD_LIBRARIES = YES;
				CODE_SIGN_STYLE = Automatic;
				CURRENT_PROJECT_VERSION = 1;
				DEVELOPMENT_TEAM = DT778HVH7A;
				GENERATE_INFOPLIST_FILE = YES;
				MARKETING_VERSION = 1.0;
				PRODUCT_BUNDLE_IDENTIFIER = com.thinhvo..XMSurveyUITests;
				PRODUCT_NAME = "$(TARGET_NAME)";
				SWIFT_EMIT_LOC_STRINGS = NO;
				SWIFT_VERSION = 5.0;
				TARGETED_DEVICE_FAMILY = "1,2";
				TEST_TARGET_NAME = XMSurvey;
			};
			name = Release;
		};
/* End XCBuildConfiguration section */

/* Begin XCConfigurationList section */
		2581238C2912F3B800D71C36 /* Build configuration list for PBXProject "XMSurvey" */ = {
			isa = XCConfigurationList;
			buildConfigurations = (
				258123B32912F3B900D71C36 /* Debug */,
				258123B42912F3B900D71C36 /* Release */,
			);
			defaultConfigurationIsVisible = 0;
			defaultConfigurationName = Release;
		};
		258123B52912F3B900D71C36 /* Build configuration list for PBXNativeTarget "XMSurvey" */ = {
			isa = XCConfigurationList;
			buildConfigurations = (
				258123B62912F3B900D71C36 /* Debug */,
				258123B72912F3B900D71C36 /* Release */,
			);
			defaultConfigurationIsVisible = 0;
			defaultConfigurationName = Release;
		};
		258123B82912F3B900D71C36 /* Build configuration list for PBXNativeTarget "XMSurveyTests" */ = {
			isa = XCConfigurationList;
			buildConfigurations = (
				258123B92912F3B900D71C36 /* Debug */,
				258123BA2912F3B900D71C36 /* Release */,
			);
			defaultConfigurationIsVisible = 0;
			defaultConfigurationName = Release;
		};
		258123BB2912F3B900D71C36 /* Build configuration list for PBXNativeTarget "XMSurveyUITests" */ = {
			isa = XCConfigurationList;
			buildConfigurations = (
				258123BC2912F3B900D71C36 /* Debug */,
				258123BD2912F3B900D71C36 /* Release */,
			);
			defaultConfigurationIsVisible = 0;
			defaultConfigurationName = Release;
		};
/* End XCConfigurationList section */
	};
	rootObject = 258123892912F3B800D71C36 /* Project object */;
}
